PODS:
  - APIKit (2.0.4):
    - Result (~> 2.1.1)
  - Himotoki (2.1.1)
  - KeychainAccess (2.3.6)
  - R.swift (2.4.0):
    - R.swift.Library (~> 2.2.0)
  - R.swift.Library (2.2.0)
  - ReachabilitySwift (2.3.3)
  - Result (2.1.3)
  - ReSwift (2.0.0)
  - SwiftyStoreKit (0.3.0)

DEPENDENCIES:
  - APIKit
  - Himotoki
  - KeychainAccess
  - R.swift
  - ReachabilitySwift
  - ReSwift
  - SwiftyStoreKit

SPEC CHECKSUMS:
  APIKit: 08089ab5da33faece57dfecc4bfe787a731e218b
  Himotoki: 0e539e721830384e128b0c0c94cbd9693ca30761
  KeychainAccess: 7f10e2ef998ddf954a64d5d608be08677774684d
  R.swift: 0ef9c42dc6c94ac44a3c78a7639c73f855a8e159
  R.swift.Library: 31a487b65381f37a7d203a6f1f935b43c9be35b0
  ReachabilitySwift: e0f6b6f280effb47731acfaaa2d5ffe223703793
  Result: 18e1a7597fbcca5923c565b40a25a98afafdee02
  ReSwift: 7abc536a87955c34bf60de3fd32ce9a02ee3ad87
  SwiftyStoreKit: 6df86a58380d591d06f204eaee92bfaf39704627

PODFILE CHECKSUM: 33453699174917dd92fd76d07281961c3abf8941

COCOAPODS: 1.0.0.beta.6
