PODS:
  - APIKit (2.0.4):
    - Result (~> 2.1.1)
  - Himotoki (2.1.0)
  - R.swift (2.4.0):
    - R.swift.Library (~> 2.2.0)
  - R.swift.Library (2.2.0)
  - ReachabilitySwift (2.3.3)
  - Result (2.1.1)
  - ReSwift (1.0.0)
  - SwiftyStoreKit (0.2.10)

DEPENDENCIES:
  - APIKit
  - Himotoki
  - R.swift
  - ReachabilitySwift
  - ReSwift
  - SwiftyStoreKit

SPEC CHECKSUMS:
  APIKit: 08089ab5da33faece57dfecc4bfe787a731e218b
  Himotoki: 59d8ab0cfed411c9d2109cfd365998094ee77d96
  R.swift: 0ef9c42dc6c94ac44a3c78a7639c73f855a8e159
  R.swift.Library: 31a487b65381f37a7d203a6f1f935b43c9be35b0
  ReachabilitySwift: e0f6b6f280effb47731acfaaa2d5ffe223703793
  Result: 822c879f145943320cc80a9a8372378e3d699fe4
  ReSwift: 2097946852b045bcc04182b63cdab9ab7fc35812
  SwiftyStoreKit: 7d129a07cb26ebaeecfafd3ae06d07286d200d9e

PODFILE CHECKSUM: d2197a39480c5946ae029bde3e184c10d550d0ca

COCOAPODS: 1.0.0.beta.6
